<?xml version="1.0" encoding="utf-8"?>
<Project ToolsVersion="4.0" xmlns="http://schemas.microsoft.com/developer/msbuild/2003">
  <ItemGroup>
    <Filter Include="资源文件">
      <UniqueIdentifier>{67DA6AB6-F800-4c08-8B7A-83BB121AAD01}</UniqueIdentifier>
      <Extensions>rc;ico;cur;bmp;dlg;rc2;rct;bin;rgs;gif;jpg;jpeg;jpe;resx;tiff;tif;png;wav</Extensions>
    </Filter>
    <Filter Include="Dll">
      <UniqueIdentifier>{5f30df08-1a8c-4b00-9a5b-2cf68063188a}</UniqueIdentifier>
    </Filter>
    <Filter Include="WrapperUtil">
      <UniqueIdentifier>{5a8eaaea-2124-463c-a3fc-556c173b4e86}</UniqueIdentifier>
    </Filter>
    <Filter Include="Interface">
      <UniqueIdentifier>{62ec31ae-e057-4d76-8bba-bc80ff0997d5}</UniqueIdentifier>
    </Filter>
    <Filter Include="Interface\Main">
      <UniqueIdentifier>{41b75595-0725-43a7-a446-0cc7d39f025c}</UniqueIdentifier>
    </Filter>
    <Filter Include="Interface\Number">
      <UniqueIdentifier>{38a82a18-bdbf-46d2-909e-fbf024cd882d}</UniqueIdentifier>
    </Filter>
    <Filter Include="Interface\Drawing">
      <UniqueIdentifier>{ff3c862c-6d30-4c34-a3a4-0ca34792a23f}</UniqueIdentifier>
    </Filter>
  </ItemGroup>
  <ItemGroup>
    <ClCompile Include="AssemblyInfo.cpp">
      <Filter>Dll</Filter>
    </ClCompile>
    <ClCompile Include="Stdafx.cpp">
      <Filter>Dll</Filter>
    </ClCompile>
    <ClCompile Include="..\WrapperUtil\StrUtil.cpp">
      <Filter>WrapperUtil</Filter>
    </ClCompile>
    <ClCompile Include="..\WrapperUtil\wrUtil.cpp">
      <Filter>WrapperUtil</Filter>
    </ClCompile>
    <ClCompile Include="Interface\Main\WIF_Scene.cpp">
      <Filter>Interface\Main</Filter>
    </ClCompile>
    <ClCompile Include="Interface\Main\WIF_Inquire.cpp">
      <Filter>Interface\Main</Filter>
    </ClCompile>
    <ClCompile Include="Interface\WIF_Controller.cpp">
      <Filter>Interface</Filter>
    </ClCompile>
    <ClCompile Include="Interface\Main\WIF_View.cpp">
      <Filter>Interface\Main</Filter>
    </ClCompile>
    <ClCompile Include="Interface\WIF_Common_Cfg.cpp">
      <Filter>Interface</Filter>
    </ClCompile>
    <ClCompile Include="Interface\WIF_Localization.cpp">
      <Filter>Interface</Filter>
    </ClCompile>
    <ClCompile Include="Interface\Main\WIF_Selector.cpp">
      <Filter>Interface\Main</Filter>
    </ClCompile>
    <ClCompile Include="Interface\Main\WIF_ObjectFilter.cpp">
      <Filter>Interface\Main</Filter>
    </ClCompile>
    <ClCompile Include="Interface\Main\WIF_SceneObject.cpp">
      <Filter>Interface\Main</Filter>
    </ClCompile>
    <ClCompile Include="Interface\WIF_Document.cpp">
      <Filter>Interface</Filter>
    </ClCompile>
    <ClCompile Include="Interface\WIF_Layout.cpp">
      <Filter>Interface</Filter>
    </ClCompile>
    <ClCompile Include="Interface\WIF_Options.cpp">
      <Filter>Interface</Filter>
    </ClCompile>
    <ClCompile Include="Interface\WIF_Settings.cpp">
      <Filter>Interface</Filter>
    </ClCompile>
    <ClCompile Include="Interface\WIF_ShortCuts.cpp">
      <Filter>Interface</Filter>
    </ClCompile>
    <ClCompile Include="Interface\WIF_ClassColor.cpp">
      <Filter>Interface</Filter>
    </ClCompile>
    <ClCompile Include="Interface\WIF_History.cpp">
      <Filter>Interface</Filter>
    </ClCompile>
    <ClCompile Include="Interface\Main\WIF_Bolt.cpp">
      <Filter>Interface\Main</Filter>
    </ClCompile>
    <ClCompile Include="Interface\WIF_Material.cpp">
      <Filter>Interface</Filter>
    </ClCompile>
    <ClCompile Include="Interface\WIF_UILayout.cpp">
      <Filter>Interface</Filter>
    </ClCompile>
    <ClCompile Include="Interface\WIF_Profile.cpp">
      <Filter>Interface</Filter>
    </ClCompile>
    <ClCompile Include="Interface\WIF_Phase.cpp">
      <Filter>Interface</Filter>
    </ClCompile>
    <ClCompile Include="Interface\Main\WIF_RFBar.cpp">
      <Filter>Interface\Main</Filter>
    </ClCompile>
    <ClCompile Include="Interface\Main\WIF_Component.cpp">
      <Filter>Interface\Main</Filter>
    </ClCompile>
    <ClCompile Include="Interface\Main\WIF_Clash.cpp">
      <Filter>Interface\Main</Filter>
    </ClCompile>
    <ClCompile Include="Interface\Main\WIF_Edit.cpp">
      <Filter>Interface\Main</Filter>
    </ClCompile>
    <ClCompile Include="Interface\Main\WIF_Exchange.cpp">
      <Filter>Interface\Main</Filter>
    </ClCompile>
    <ClCompile Include="Interface\WIF_CLRUtils.cpp">
      <Filter>Interface</Filter>
    </ClCompile>
    <ClCompile Include="Interface\Number\WIF_Number.cpp">
      <Filter>Interface\Number</Filter>
    </ClCompile>
    <ClCompile Include="Native.cpp" />
    <ClCompile Include="Interface\Drawing\WIF_Drawing.cpp">
      <Filter>Interface\Drawing</Filter>
    </ClCompile>
    <ClCompile Include="Interface\WIF_App.cpp">
      <Filter>Interface</Filter>
    </ClCompile>
  </ItemGroup>
  <ItemGroup>
    <ClInclude Include="resource.h">
      <Filter>Dll</Filter>
    </ClInclude>
    <ClInclude Include="Stdafx.h">
      <Filter>Dll</Filter>
    </ClInclude>
    <ClInclude Include="targetver.h" />
    <ClInclude Include="..\WrapperUtil\StrUtil.h">
      <Filter>WrapperUtil</Filter>
    </ClInclude>
    <ClInclude Include="..\WrapperUtil\wrUtil.h">
      <Filter>WrapperUtil</Filter>
    </ClInclude>
    <ClInclude Include="Native.h" />
  </ItemGroup>
</Project>