
Microsoft Visual Studio Solution File, Format Version 12.00
# Visual Studio Version 17
VisualStudioVersion = 17.6.33723.286
MinimumVisualStudioVersion = 10.0.40219.1
Project("{8BC9CEB8-8B4A-11D0-8D11-00A0C91BC942}") = "CLRUtils", "CLRUtils\CLRUtils.vcxproj", "{CF198A5F-B62E-4D25-953A-FCF63EC90000}"
	ProjectSection(ProjectDependencies) = postProject
		{5908E881-BBE2-404B-B1A7-11D83271D081} = {5908E881-BBE2-404B-B1A7-11D83271D081}
	EndProjectSection
EndProject
Project("{8BC9CEB8-8B4A-11D0-8D11-00A0C91BC942}") = "IFWrapper", "IFWrapper\IFWrapper.vcxproj", "{AEB33142-50C7-4059-B39A-B19DD9C8BB56}"
	ProjectSection(ProjectDependencies) = postProject
		{5908E881-BBE2-404B-B1A7-11D83271D081} = {5908E881-BBE2-404B-B1A7-11D83271D081}
	EndProjectSection
EndProject
Project("{FAE04EC0-301F-11D3-BF4B-00C04F79EFBC}") = "UI", "UI\UI.csproj", "{F827FD2A-3779-4349-A82A-E9BFC6855C6B}"
	ProjectSection(ProjectDependencies) = postProject
		{5908E881-BBE2-404B-B1A7-11D83271D081} = {5908E881-BBE2-404B-B1A7-11D83271D081}
	EndProjectSection
EndProject
Project("{FAE04EC0-301F-11D3-BF4B-00C04F79EFBC}") = "UserCtrl", "UserCtrl\UserCtrl.csproj", "{6E3703D4-B960-436D-88BD-02AFB5C10652}"
	ProjectSection(ProjectDependencies) = postProject
		{5908E881-BBE2-404B-B1A7-11D83271D081} = {5908E881-BBE2-404B-B1A7-11D83271D081}
	EndProjectSection
EndProject
Project("{FAE04EC0-301F-11D3-BF4B-00C04F79EFBC}") = "WinForm", "WinForm\WinForm.csproj", "{6BAE0297-2407-4961-A4D0-8DC926805C03}"
	ProjectSection(ProjectDependencies) = postProject
		{5908E881-BBE2-404B-B1A7-11D83271D081} = {5908E881-BBE2-404B-B1A7-11D83271D081}
		{F827FD2A-3779-4349-A82A-E9BFC6855C6B} = {F827FD2A-3779-4349-A82A-E9BFC6855C6B}
	EndProjectSection
EndProject
Project("{8BC9CEB8-8B4A-11D0-8D11-00A0C91BC942}") = "Wrapper", "Wrapper\Wrapper.vcxproj", "{4B4444CD-2DDF-484D-93EA-386F8A0B0AED}"
EndProject
Project("{2150E333-8FDC-42A3-9474-1A3956D46DE8}") = "LoongSDK", "LoongSDK", "{60ACB94D-F82A-4370-B534-B34892844FBE}"
EndProject
Project("{FAE04EC0-301F-11D3-BF4B-00C04F79EFBC}") = "Common", "Common\Common.csproj", "{D6C03453-2D98-41CA-9261-BED21DD005FC}"
	ProjectSection(ProjectDependencies) = postProject
		{5908E881-BBE2-404B-B1A7-11D83271D081} = {5908E881-BBE2-404B-B1A7-11D83271D081}
	EndProjectSection
EndProject
Project("{FAE04EC0-301F-11D3-BF4B-00C04F79EFBC}") = "LoongSDKCore", "LoongSDKCore\LoongSDKCore.csproj", "{A5C99E80-9A38-43FF-981B-F05AFDE3FF2D}"
	ProjectSection(ProjectDependencies) = postProject
		{5908E881-BBE2-404B-B1A7-11D83271D081} = {5908E881-BBE2-404B-B1A7-11D83271D081}
	EndProjectSection
EndProject
Project("{FAE04EC0-301F-11D3-BF4B-00C04F79EFBC}") = "LoongSDKSTC", "LoongSDKSTC\LoongSDKSTC.csproj", "{D96C0DE1-5B1F-460D-B98F-E7FDE7D11D71}"
	ProjectSection(ProjectDependencies) = postProject
		{5908E881-BBE2-404B-B1A7-11D83271D081} = {5908E881-BBE2-404B-B1A7-11D83271D081}
	EndProjectSection
EndProject
Project("{8BC9CEB8-8B4A-11D0-8D11-00A0C91BC942}") = "sketch", "sketch\sketch.vcxproj", "{5908E881-BBE2-404B-B1A7-11D83271D081}"
EndProject
Global
	GlobalSection(SolutionConfigurationPlatforms) = preSolution
		Debug|Any CPU = Debug|Any CPU
		Debug|x64 = Debug|x64
		Debug|x86 = Debug|x86
		DebugDMP|Any CPU = DebugDMP|Any CPU
		DebugDMP|x64 = DebugDMP|x64
		DebugDMP|x86 = DebugDMP|x86
		Release|Any CPU = Release|Any CPU
		Release|x64 = Release|x64
		Release|x86 = Release|x86
	EndGlobalSection
	GlobalSection(ProjectConfigurationPlatforms) = postSolution
		{CF198A5F-B62E-4D25-953A-FCF63EC90000}.Debug|Any CPU.ActiveCfg = Debug|x64
		{CF198A5F-B62E-4D25-953A-FCF63EC90000}.Debug|Any CPU.Build.0 = Debug|x64
		{CF198A5F-B62E-4D25-953A-FCF63EC90000}.Debug|x64.ActiveCfg = Debug|x64
		{CF198A5F-B62E-4D25-953A-FCF63EC90000}.Debug|x64.Build.0 = Debug|x64
		{CF198A5F-B62E-4D25-953A-FCF63EC90000}.Debug|x86.ActiveCfg = Debug|x64
		{CF198A5F-B62E-4D25-953A-FCF63EC90000}.Debug|x86.Build.0 = Debug|x64
		{CF198A5F-B62E-4D25-953A-FCF63EC90000}.DebugDMP|Any CPU.ActiveCfg = DebugDMP|x64
		{CF198A5F-B62E-4D25-953A-FCF63EC90000}.DebugDMP|Any CPU.Build.0 = DebugDMP|x64
		{CF198A5F-B62E-4D25-953A-FCF63EC90000}.DebugDMP|x64.ActiveCfg = DebugDMP|x64
		{CF198A5F-B62E-4D25-953A-FCF63EC90000}.DebugDMP|x64.Build.0 = DebugDMP|x64
		{CF198A5F-B62E-4D25-953A-FCF63EC90000}.DebugDMP|x86.ActiveCfg = DebugDMP|x64
		{CF198A5F-B62E-4D25-953A-FCF63EC90000}.DebugDMP|x86.Build.0 = DebugDMP|x64
		{CF198A5F-B62E-4D25-953A-FCF63EC90000}.Release|Any CPU.ActiveCfg = Release|x64
		{CF198A5F-B62E-4D25-953A-FCF63EC90000}.Release|Any CPU.Build.0 = Release|x64
		{CF198A5F-B62E-4D25-953A-FCF63EC90000}.Release|x64.ActiveCfg = Release|x64
		{CF198A5F-B62E-4D25-953A-FCF63EC90000}.Release|x64.Build.0 = Release|x64
		{CF198A5F-B62E-4D25-953A-FCF63EC90000}.Release|x86.ActiveCfg = Release|x64
		{CF198A5F-B62E-4D25-953A-FCF63EC90000}.Release|x86.Build.0 = Release|x64
		{AEB33142-50C7-4059-B39A-B19DD9C8BB56}.Debug|Any CPU.ActiveCfg = Debug|x64
		{AEB33142-50C7-4059-B39A-B19DD9C8BB56}.Debug|Any CPU.Build.0 = Debug|x64
		{AEB33142-50C7-4059-B39A-B19DD9C8BB56}.Debug|x64.ActiveCfg = Debug|x64
		{AEB33142-50C7-4059-B39A-B19DD9C8BB56}.Debug|x64.Build.0 = Debug|x64
		{AEB33142-50C7-4059-B39A-B19DD9C8BB56}.Debug|x86.ActiveCfg = Debug|x64
		{AEB33142-50C7-4059-B39A-B19DD9C8BB56}.Debug|x86.Build.0 = Debug|x64
		{AEB33142-50C7-4059-B39A-B19DD9C8BB56}.DebugDMP|Any CPU.ActiveCfg = DebugDMP|x64
		{AEB33142-50C7-4059-B39A-B19DD9C8BB56}.DebugDMP|Any CPU.Build.0 = DebugDMP|x64
		{AEB33142-50C7-4059-B39A-B19DD9C8BB56}.DebugDMP|x64.ActiveCfg = DebugDMP|x64
		{AEB33142-50C7-4059-B39A-B19DD9C8BB56}.DebugDMP|x64.Build.0 = DebugDMP|x64
		{AEB33142-50C7-4059-B39A-B19DD9C8BB56}.DebugDMP|x86.ActiveCfg = DebugDMP|x64
		{AEB33142-50C7-4059-B39A-B19DD9C8BB56}.DebugDMP|x86.Build.0 = DebugDMP|x64
		{AEB33142-50C7-4059-B39A-B19DD9C8BB56}.Release|Any CPU.ActiveCfg = Release|x64
		{AEB33142-50C7-4059-B39A-B19DD9C8BB56}.Release|Any CPU.Build.0 = Release|x64
		{AEB33142-50C7-4059-B39A-B19DD9C8BB56}.Release|x64.ActiveCfg = Release|x64
		{AEB33142-50C7-4059-B39A-B19DD9C8BB56}.Release|x64.Build.0 = Release|x64
		{AEB33142-50C7-4059-B39A-B19DD9C8BB56}.Release|x86.ActiveCfg = Release|x64
		{AEB33142-50C7-4059-B39A-B19DD9C8BB56}.Release|x86.Build.0 = Release|x64
		{F827FD2A-3779-4349-A82A-E9BFC6855C6B}.Debug|Any CPU.ActiveCfg = Debug|Any CPU
		{F827FD2A-3779-4349-A82A-E9BFC6855C6B}.Debug|Any CPU.Build.0 = Debug|Any CPU
		{F827FD2A-3779-4349-A82A-E9BFC6855C6B}.Debug|x64.ActiveCfg = Debug|Any CPU
		{F827FD2A-3779-4349-A82A-E9BFC6855C6B}.Debug|x64.Build.0 = Debug|Any CPU
		{F827FD2A-3779-4349-A82A-E9BFC6855C6B}.Debug|x86.ActiveCfg = Debug|Any CPU
		{F827FD2A-3779-4349-A82A-E9BFC6855C6B}.Debug|x86.Build.0 = Debug|Any CPU
		{F827FD2A-3779-4349-A82A-E9BFC6855C6B}.DebugDMP|Any CPU.ActiveCfg = DebugDMP|Any CPU
		{F827FD2A-3779-4349-A82A-E9BFC6855C6B}.DebugDMP|Any CPU.Build.0 = DebugDMP|Any CPU
		{F827FD2A-3779-4349-A82A-E9BFC6855C6B}.DebugDMP|x64.ActiveCfg = DebugDMP|Any CPU
		{F827FD2A-3779-4349-A82A-E9BFC6855C6B}.DebugDMP|x64.Build.0 = DebugDMP|Any CPU
		{F827FD2A-3779-4349-A82A-E9BFC6855C6B}.DebugDMP|x86.ActiveCfg = DebugDMP|Any CPU
		{F827FD2A-3779-4349-A82A-E9BFC6855C6B}.DebugDMP|x86.Build.0 = DebugDMP|Any CPU
		{F827FD2A-3779-4349-A82A-E9BFC6855C6B}.Release|Any CPU.ActiveCfg = Release|Any CPU
		{F827FD2A-3779-4349-A82A-E9BFC6855C6B}.Release|Any CPU.Build.0 = Release|Any CPU
		{F827FD2A-3779-4349-A82A-E9BFC6855C6B}.Release|x64.ActiveCfg = Release|Any CPU
		{F827FD2A-3779-4349-A82A-E9BFC6855C6B}.Release|x64.Build.0 = Release|Any CPU
		{F827FD2A-3779-4349-A82A-E9BFC6855C6B}.Release|x86.ActiveCfg = Release|Any CPU
		{F827FD2A-3779-4349-A82A-E9BFC6855C6B}.Release|x86.Build.0 = Release|Any CPU
		{6E3703D4-B960-436D-88BD-02AFB5C10652}.Debug|Any CPU.ActiveCfg = Debug|Any CPU
		{6E3703D4-B960-436D-88BD-02AFB5C10652}.Debug|Any CPU.Build.0 = Debug|Any CPU
		{6E3703D4-B960-436D-88BD-02AFB5C10652}.Debug|x64.ActiveCfg = Debug|Any CPU
		{6E3703D4-B960-436D-88BD-02AFB5C10652}.Debug|x64.Build.0 = Debug|Any CPU
		{6E3703D4-B960-436D-88BD-02AFB5C10652}.Debug|x86.ActiveCfg = Debug|Any CPU
		{6E3703D4-B960-436D-88BD-02AFB5C10652}.Debug|x86.Build.0 = Debug|Any CPU
		{6E3703D4-B960-436D-88BD-02AFB5C10652}.DebugDMP|Any CPU.ActiveCfg = DebugDMP|Any CPU
		{6E3703D4-B960-436D-88BD-02AFB5C10652}.DebugDMP|Any CPU.Build.0 = DebugDMP|Any CPU
		{6E3703D4-B960-436D-88BD-02AFB5C10652}.DebugDMP|x64.ActiveCfg = DebugDMP|Any CPU
		{6E3703D4-B960-436D-88BD-02AFB5C10652}.DebugDMP|x64.Build.0 = DebugDMP|Any CPU
		{6E3703D4-B960-436D-88BD-02AFB5C10652}.DebugDMP|x86.ActiveCfg = DebugDMP|Any CPU
		{6E3703D4-B960-436D-88BD-02AFB5C10652}.DebugDMP|x86.Build.0 = DebugDMP|Any CPU
		{6E3703D4-B960-436D-88BD-02AFB5C10652}.Release|Any CPU.ActiveCfg = Release|Any CPU
		{6E3703D4-B960-436D-88BD-02AFB5C10652}.Release|Any CPU.Build.0 = Release|Any CPU
		{6E3703D4-B960-436D-88BD-02AFB5C10652}.Release|x64.ActiveCfg = Release|Any CPU
		{6E3703D4-B960-436D-88BD-02AFB5C10652}.Release|x64.Build.0 = Release|Any CPU
		{6E3703D4-B960-436D-88BD-02AFB5C10652}.Release|x86.ActiveCfg = Release|Any CPU
		{6E3703D4-B960-436D-88BD-02AFB5C10652}.Release|x86.Build.0 = Release|Any CPU
		{6BAE0297-2407-4961-A4D0-8DC926805C03}.Debug|Any CPU.ActiveCfg = Debug|Any CPU
		{6BAE0297-2407-4961-A4D0-8DC926805C03}.Debug|Any CPU.Build.0 = Debug|Any CPU
		{6BAE0297-2407-4961-A4D0-8DC926805C03}.Debug|x64.ActiveCfg = Debug|x64
		{6BAE0297-2407-4961-A4D0-8DC926805C03}.Debug|x64.Build.0 = Debug|x64
		{6BAE0297-2407-4961-A4D0-8DC926805C03}.Debug|x86.ActiveCfg = Debug|Any CPU
		{6BAE0297-2407-4961-A4D0-8DC926805C03}.Debug|x86.Build.0 = Debug|Any CPU
		{6BAE0297-2407-4961-A4D0-8DC926805C03}.DebugDMP|Any CPU.ActiveCfg = DebugDMP|Any CPU
		{6BAE0297-2407-4961-A4D0-8DC926805C03}.DebugDMP|Any CPU.Build.0 = DebugDMP|Any CPU
		{6BAE0297-2407-4961-A4D0-8DC926805C03}.DebugDMP|x64.ActiveCfg = DebugDMP|x64
		{6BAE0297-2407-4961-A4D0-8DC926805C03}.DebugDMP|x64.Build.0 = DebugDMP|x64
		{6BAE0297-2407-4961-A4D0-8DC926805C03}.DebugDMP|x86.ActiveCfg = DebugDMP|Any CPU
		{6BAE0297-2407-4961-A4D0-8DC926805C03}.DebugDMP|x86.Build.0 = DebugDMP|Any CPU
		{6BAE0297-2407-4961-A4D0-8DC926805C03}.Release|Any CPU.ActiveCfg = Release|Any CPU
		{6BAE0297-2407-4961-A4D0-8DC926805C03}.Release|Any CPU.Build.0 = Release|Any CPU
		{6BAE0297-2407-4961-A4D0-8DC926805C03}.Release|x64.ActiveCfg = Release|x64
		{6BAE0297-2407-4961-A4D0-8DC926805C03}.Release|x64.Build.0 = Release|x64
		{6BAE0297-2407-4961-A4D0-8DC926805C03}.Release|x86.ActiveCfg = Release|Any CPU
		{6BAE0297-2407-4961-A4D0-8DC926805C03}.Release|x86.Build.0 = Release|Any CPU
		{4B4444CD-2DDF-484D-93EA-386F8A0B0AED}.Debug|Any CPU.ActiveCfg = Debug|x64
		{4B4444CD-2DDF-484D-93EA-386F8A0B0AED}.Debug|Any CPU.Build.0 = Debug|x64
		{4B4444CD-2DDF-484D-93EA-386F8A0B0AED}.Debug|x64.ActiveCfg = Debug|x64
		{4B4444CD-2DDF-484D-93EA-386F8A0B0AED}.Debug|x64.Build.0 = Debug|x64
		{4B4444CD-2DDF-484D-93EA-386F8A0B0AED}.Debug|x86.ActiveCfg = Debug|x64
		{4B4444CD-2DDF-484D-93EA-386F8A0B0AED}.Debug|x86.Build.0 = Debug|x64
		{4B4444CD-2DDF-484D-93EA-386F8A0B0AED}.DebugDMP|Any CPU.ActiveCfg = DebugDMP|x64
		{4B4444CD-2DDF-484D-93EA-386F8A0B0AED}.DebugDMP|Any CPU.Build.0 = DebugDMP|x64
		{4B4444CD-2DDF-484D-93EA-386F8A0B0AED}.DebugDMP|x64.ActiveCfg = DebugDMP|x64
		{4B4444CD-2DDF-484D-93EA-386F8A0B0AED}.DebugDMP|x64.Build.0 = DebugDMP|x64
		{4B4444CD-2DDF-484D-93EA-386F8A0B0AED}.DebugDMP|x86.ActiveCfg = DebugDMP|x64
		{4B4444CD-2DDF-484D-93EA-386F8A0B0AED}.DebugDMP|x86.Build.0 = DebugDMP|x64
		{4B4444CD-2DDF-484D-93EA-386F8A0B0AED}.Release|Any CPU.ActiveCfg = Release|x64
		{4B4444CD-2DDF-484D-93EA-386F8A0B0AED}.Release|Any CPU.Build.0 = Release|x64
		{4B4444CD-2DDF-484D-93EA-386F8A0B0AED}.Release|x64.ActiveCfg = Release|x64
		{4B4444CD-2DDF-484D-93EA-386F8A0B0AED}.Release|x64.Build.0 = Release|x64
		{4B4444CD-2DDF-484D-93EA-386F8A0B0AED}.Release|x86.ActiveCfg = Release|x64
		{4B4444CD-2DDF-484D-93EA-386F8A0B0AED}.Release|x86.Build.0 = Release|x64
		{D6C03453-2D98-41CA-9261-BED21DD005FC}.Debug|Any CPU.ActiveCfg = Debug|Any CPU
		{D6C03453-2D98-41CA-9261-BED21DD005FC}.Debug|Any CPU.Build.0 = Debug|Any CPU
		{D6C03453-2D98-41CA-9261-BED21DD005FC}.Debug|x64.ActiveCfg = Debug|Any CPU
		{D6C03453-2D98-41CA-9261-BED21DD005FC}.Debug|x64.Build.0 = Debug|Any CPU
		{D6C03453-2D98-41CA-9261-BED21DD005FC}.Debug|x86.ActiveCfg = Debug|Any CPU
		{D6C03453-2D98-41CA-9261-BED21DD005FC}.Debug|x86.Build.0 = Debug|Any CPU
		{D6C03453-2D98-41CA-9261-BED21DD005FC}.DebugDMP|Any CPU.ActiveCfg = DebugDMP|Any CPU
		{D6C03453-2D98-41CA-9261-BED21DD005FC}.DebugDMP|Any CPU.Build.0 = DebugDMP|Any CPU
		{D6C03453-2D98-41CA-9261-BED21DD005FC}.DebugDMP|x64.ActiveCfg = DebugDMP|Any CPU
		{D6C03453-2D98-41CA-9261-BED21DD005FC}.DebugDMP|x64.Build.0 = DebugDMP|Any CPU
		{D6C03453-2D98-41CA-9261-BED21DD005FC}.DebugDMP|x86.ActiveCfg = DebugDMP|Any CPU
		{D6C03453-2D98-41CA-9261-BED21DD005FC}.DebugDMP|x86.Build.0 = DebugDMP|Any CPU
		{D6C03453-2D98-41CA-9261-BED21DD005FC}.Release|Any CPU.ActiveCfg = Release|Any CPU
		{D6C03453-2D98-41CA-9261-BED21DD005FC}.Release|Any CPU.Build.0 = Release|Any CPU
		{D6C03453-2D98-41CA-9261-BED21DD005FC}.Release|x64.ActiveCfg = Release|Any CPU
		{D6C03453-2D98-41CA-9261-BED21DD005FC}.Release|x64.Build.0 = Release|Any CPU
		{D6C03453-2D98-41CA-9261-BED21DD005FC}.Release|x86.ActiveCfg = Release|Any CPU
		{D6C03453-2D98-41CA-9261-BED21DD005FC}.Release|x86.Build.0 = Release|Any CPU
		{A5C99E80-9A38-43FF-981B-F05AFDE3FF2D}.Debug|Any CPU.ActiveCfg = Debug|Any CPU
		{A5C99E80-9A38-43FF-981B-F05AFDE3FF2D}.Debug|Any CPU.Build.0 = Debug|Any CPU
		{A5C99E80-9A38-43FF-981B-F05AFDE3FF2D}.Debug|x64.ActiveCfg = Debug|Any CPU
		{A5C99E80-9A38-43FF-981B-F05AFDE3FF2D}.Debug|x64.Build.0 = Debug|Any CPU
		{A5C99E80-9A38-43FF-981B-F05AFDE3FF2D}.Debug|x86.ActiveCfg = Debug|Any CPU
		{A5C99E80-9A38-43FF-981B-F05AFDE3FF2D}.Debug|x86.Build.0 = Debug|Any CPU
		{A5C99E80-9A38-43FF-981B-F05AFDE3FF2D}.DebugDMP|Any CPU.ActiveCfg = DebugDMP|Any CPU
		{A5C99E80-9A38-43FF-981B-F05AFDE3FF2D}.DebugDMP|Any CPU.Build.0 = DebugDMP|Any CPU
		{A5C99E80-9A38-43FF-981B-F05AFDE3FF2D}.DebugDMP|x64.ActiveCfg = DebugDMP|Any CPU
		{A5C99E80-9A38-43FF-981B-F05AFDE3FF2D}.DebugDMP|x64.Build.0 = DebugDMP|Any CPU
		{A5C99E80-9A38-43FF-981B-F05AFDE3FF2D}.DebugDMP|x86.ActiveCfg = DebugDMP|Any CPU
		{A5C99E80-9A38-43FF-981B-F05AFDE3FF2D}.DebugDMP|x86.Build.0 = DebugDMP|Any CPU
		{A5C99E80-9A38-43FF-981B-F05AFDE3FF2D}.Release|Any CPU.ActiveCfg = Release|Any CPU
		{A5C99E80-9A38-43FF-981B-F05AFDE3FF2D}.Release|Any CPU.Build.0 = Release|Any CPU
		{A5C99E80-9A38-43FF-981B-F05AFDE3FF2D}.Release|x64.ActiveCfg = Release|Any CPU
		{A5C99E80-9A38-43FF-981B-F05AFDE3FF2D}.Release|x64.Build.0 = Release|Any CPU
		{A5C99E80-9A38-43FF-981B-F05AFDE3FF2D}.Release|x86.ActiveCfg = Release|Any CPU
		{A5C99E80-9A38-43FF-981B-F05AFDE3FF2D}.Release|x86.Build.0 = Release|Any CPU
		{D96C0DE1-5B1F-460D-B98F-E7FDE7D11D71}.Debug|Any CPU.ActiveCfg = Debug|Any CPU
		{D96C0DE1-5B1F-460D-B98F-E7FDE7D11D71}.Debug|Any CPU.Build.0 = Debug|Any CPU
		{D96C0DE1-5B1F-460D-B98F-E7FDE7D11D71}.Debug|x64.ActiveCfg = Debug|Any CPU
		{D96C0DE1-5B1F-460D-B98F-E7FDE7D11D71}.Debug|x64.Build.0 = Debug|Any CPU
		{D96C0DE1-5B1F-460D-B98F-E7FDE7D11D71}.Debug|x86.ActiveCfg = Debug|Any CPU
		{D96C0DE1-5B1F-460D-B98F-E7FDE7D11D71}.Debug|x86.Build.0 = Debug|Any CPU
		{D96C0DE1-5B1F-460D-B98F-E7FDE7D11D71}.DebugDMP|Any CPU.ActiveCfg = DebugDMP|Any CPU
		{D96C0DE1-5B1F-460D-B98F-E7FDE7D11D71}.DebugDMP|Any CPU.Build.0 = DebugDMP|Any CPU
		{D96C0DE1-5B1F-460D-B98F-E7FDE7D11D71}.DebugDMP|x64.ActiveCfg = DebugDMP|Any CPU
		{D96C0DE1-5B1F-460D-B98F-E7FDE7D11D71}.DebugDMP|x64.Build.0 = DebugDMP|Any CPU
		{D96C0DE1-5B1F-460D-B98F-E7FDE7D11D71}.DebugDMP|x86.ActiveCfg = DebugDMP|Any CPU
		{D96C0DE1-5B1F-460D-B98F-E7FDE7D11D71}.DebugDMP|x86.Build.0 = DebugDMP|Any CPU
		{D96C0DE1-5B1F-460D-B98F-E7FDE7D11D71}.Release|Any CPU.ActiveCfg = Release|Any CPU
		{D96C0DE1-5B1F-460D-B98F-E7FDE7D11D71}.Release|Any CPU.Build.0 = Release|Any CPU
		{D96C0DE1-5B1F-460D-B98F-E7FDE7D11D71}.Release|x64.ActiveCfg = Release|Any CPU
		{D96C0DE1-5B1F-460D-B98F-E7FDE7D11D71}.Release|x64.Build.0 = Release|Any CPU
		{D96C0DE1-5B1F-460D-B98F-E7FDE7D11D71}.Release|x86.ActiveCfg = Release|Any CPU
		{D96C0DE1-5B1F-460D-B98F-E7FDE7D11D71}.Release|x86.Build.0 = Release|Any CPU
		{5908E881-BBE2-404B-B1A7-11D83271D081}.Debug|Any CPU.ActiveCfg = Debug|x64
		{5908E881-BBE2-404B-B1A7-11D83271D081}.Debug|Any CPU.Build.0 = Debug|x64
		{5908E881-BBE2-404B-B1A7-11D83271D081}.Debug|x64.ActiveCfg = Debug|x64
		{5908E881-BBE2-404B-B1A7-11D83271D081}.Debug|x64.Build.0 = Debug|x64
		{5908E881-BBE2-404B-B1A7-11D83271D081}.Debug|x86.ActiveCfg = Debug|Win32
		{5908E881-BBE2-404B-B1A7-11D83271D081}.Debug|x86.Build.0 = Debug|Win32
		{5908E881-BBE2-404B-B1A7-11D83271D081}.DebugDMP|Any CPU.ActiveCfg = Debug|x64
		{5908E881-BBE2-404B-B1A7-11D83271D081}.DebugDMP|Any CPU.Build.0 = Debug|x64
		{5908E881-BBE2-404B-B1A7-11D83271D081}.DebugDMP|x64.ActiveCfg = Debug|x64
		{5908E881-BBE2-404B-B1A7-11D83271D081}.DebugDMP|x64.Build.0 = Debug|x64
		{5908E881-BBE2-404B-B1A7-11D83271D081}.DebugDMP|x86.ActiveCfg = Debug|Win32
		{5908E881-BBE2-404B-B1A7-11D83271D081}.DebugDMP|x86.Build.0 = Debug|Win32
		{5908E881-BBE2-404B-B1A7-11D83271D081}.Release|Any CPU.ActiveCfg = Release|x64
		{5908E881-BBE2-404B-B1A7-11D83271D081}.Release|Any CPU.Build.0 = Release|x64
		{5908E881-BBE2-404B-B1A7-11D83271D081}.Release|x64.ActiveCfg = Release|x64
		{5908E881-BBE2-404B-B1A7-11D83271D081}.Release|x64.Build.0 = Release|x64
		{5908E881-BBE2-404B-B1A7-11D83271D081}.Release|x86.ActiveCfg = Release|Win32
		{5908E881-BBE2-404B-B1A7-11D83271D081}.Release|x86.Build.0 = Release|Win32
	EndGlobalSection
	GlobalSection(SolutionProperties) = preSolution
		HideSolutionNode = FALSE
	EndGlobalSection
	GlobalSection(NestedProjects) = preSolution
		{D6C03453-2D98-41CA-9261-BED21DD005FC} = {60ACB94D-F82A-4370-B534-B34892844FBE}
		{A5C99E80-9A38-43FF-981B-F05AFDE3FF2D} = {60ACB94D-F82A-4370-B534-B34892844FBE}
		{D96C0DE1-5B1F-460D-B98F-E7FDE7D11D71} = {60ACB94D-F82A-4370-B534-B34892844FBE}
	EndGlobalSection
	GlobalSection(ExtensibilityGlobals) = postSolution
		SolutionGuid = {C8DF1156-0FD1-4887-A995-E93271535817}
	EndGlobalSection
EndGlobal
